// !$*UTF8*$!
{
	archiveVersion = 1;
	classes = {
	};
	objectVersion = 46;
	objects = {

/* Begin PBXBuildFile section */
		6A02B2771B69CA7E00A524A9 /* ProfileViewController.m in Sources */ = {isa = PBXBuildFile; fileRef = 6A02B2751B69CA7E00A524A9 /* ProfileViewController.m */; };
		6A02B2781B69CA7E00A524A9 /* ProfileViewController.xib in Resources */ = {isa = PBXBuildFile; fileRef = 6A02B2761B69CA7E00A524A9 /* ProfileViewController.xib */; };
		6A02B27C1B6A05E000A524A9 /* IndexViewController.m in Sources */ = {isa = PBXBuildFile; fileRef = 6A02B27A1B6A05E000A524A9 /* IndexViewController.m */; };
		6A02B27D1B6A05E000A524A9 /* IndexViewController.xib in Resources */ = {isa = PBXBuildFile; fileRef = 6A02B27B1B6A05E000A524A9 /* IndexViewController.xib */; };
		6A03FB231B709E2D002696B7 /* folder_add.png in Resources */ = {isa = PBXBuildFile; fileRef = 6A03FB211B709E2D002696B7 /* folder_add.png */; };
		6A03FB241B709E2D002696B7 /* photo1.png in Resources */ = {isa = PBXBuildFile; fileRef = 6A03FB221B709E2D002696B7 /* photo1.png */; };
		6A050A971B798D8A000E2A55 /* DMSViewController_IPAD@.xib in Resources */ = {isa = PBXBuildFile; fileRef = 6A050A961B798D8A000E2A55 /* DMSViewController_IPAD@.xib */; };
		6A050A9B1B7997BA000E2A55 /* SearchViewController_IPAD@.xib in Resources */ = {isa = PBXBuildFile; fileRef = 6A050A9A1B7997B9000E2A55 /* SearchViewController_IPAD@.xib */; };
		6A113CFF1B6F1F790069DE55 /* open folder.png in Resources */ = {isa = PBXBuildFile; fileRef = 6A113CFE1B6F1F790069DE55 /* open folder.png */; };
		6A16300C1B673FB200EDE07F /* close.png in Resources */ = {isa = PBXBuildFile; fileRef = 6A16300B1B673FB200EDE07F /* close.png */; };
		6A1B401A1B6F257C00FEEFEC /* User.png in Resources */ = {isa = PBXBuildFile; fileRef = 6A1B40191B6F257C00FEEFEC /* User.png */; };
		6A1B401D1B6F2A7400FEEFEC /* APPViewController.m in Sources */ = {isa = PBXBuildFile; fileRef = 6A1B401C1B6F2A7400FEEFEC /* APPViewController.m */; };
		6A1B401F1B6F2A8800FEEFEC /* APPViewController.xib in Resources */ = {isa = PBXBuildFile; fileRef = 6A1B401E1B6F2A8800FEEFEC /* APPViewController.xib */; };
		6A82FD2C1B7B00E60031EA9D /* ProfileViewController_IPAD@.xib in Resources */ = {isa = PBXBuildFile; fileRef = 6A82FD2B1B7B00E60031EA9D /* ProfileViewController_IPAD@.xib */; };
		6A82FD2E1B7B04330031EA9D /* IndexViewController_IPAD@.xib in Resources */ = {isa = PBXBuildFile; fileRef = 6A82FD2D1B7B04330031EA9D /* IndexViewController_IPAD@.xib */; };
		6A82FD301B7B2E100031EA9D /* FolderViewController_IPAD@.xib in Resources */ = {isa = PBXBuildFile; fileRef = 6A82FD2F1B7B2E100031EA9D /* FolderViewController_IPAD@.xib */; };
		6A82FD321B7B3C8F0031EA9D /* APPViewController_IPAD@.xib in Resources */ = {isa = PBXBuildFile; fileRef = 6A82FD311B7B3C8F0031EA9D /* APPViewController_IPAD@.xib */; };
		6A82FD341B7B40530031EA9D /* PopupView_IPAD@.xib in Resources */ = {isa = PBXBuildFile; fileRef = 6A82FD331B7B40530031EA9D /* PopupView_IPAD@.xib */; };
		6ABAFD5F1B54C070000EB3AF /* abstract_business_background_311474.jpg in Resources */ = {isa = PBXBuildFile; fileRef = 6ABAFD5E1B54C070000EB3AF /* abstract_business_background_311474.jpg */; };
		6ABAFD611B54D981000EB3AF /* orange-ribbon-abstract-hd1080p.jpg in Resources */ = {isa = PBXBuildFile; fileRef = 6ABAFD601B54D981000EB3AF /* orange-ribbon-abstract-hd1080p.jpg */; };
		6ABAFD631B54D9EC000EB3AF /* BAckground.png in Resources */ = {isa = PBXBuildFile; fileRef = 6ABAFD621B54D9EC000EB3AF /* BAckground.png */; };
		6ABAFD681B55FC43000EB3AF /* pdfView.m in Sources */ = {isa = PBXBuildFile; fileRef = 6ABAFD671B55FC43000EB3AF /* pdfView.m */; };
		6AF003AB1B7485FC003C618E /* Icon-60@3x-1.png in Resources */ = {isa = PBXBuildFile; fileRef = 6AF003A91B7485FC003C618E /* Icon-60@3x-1.png */; };
		6AF003AC1B7485FC003C618E /* Icon-40@2x-1.png in Resources */ = {isa = PBXBuildFile; fileRef = 6AF003AA1B7485FC003C618E /* Icon-40@2x-1.png */; };
		6AF003AE1B7486A0003C618E /* Icon-60@2x.png in Resources */ = {isa = PBXBuildFile; fileRef = 6AF003AD1B7486A0003C618E /* Icon-60@2x.png */; };
		6AF003B01B7486BA003C618E /* Icon-40@2x-2.png in Resources */ = {isa = PBXBuildFile; fileRef = 6AF003AF1B7486BA003C618E /* Icon-40@2x-2.png */; };
		6AF4EBEC1B6F4B7400EF2999 /* MMX DIGITAL CAMERA.png in Resources */ = {isa = PBXBuildFile; fileRef = 6AF4EBEB1B6F4B7400EF2999 /* MMX DIGITAL CAMERA.png */; };
		6AF4EBEE1B6F4B8500EF2999 /* MMX DIGITAL CAMERA - PICTURES.png in Resources */ = {isa = PBXBuildFile; fileRef = 6AF4EBED1B6F4B8500EF2999 /* MMX DIGITAL CAMERA - PICTURES.png */; };
		6AF4EBF01B6F4EE500EF2999 /* Upload.png in Resources */ = {isa = PBXBuildFile; fileRef = 6AF4EBEF1B6F4EE500EF2999 /* Upload.png */; };
		6AF4EBF31B6F6AA900EF2999 /* Base64.m in Sources */ = {isa = PBXBuildFile; fileRef = 6AF4EBF21B6F6AA900EF2999 /* Base64.m */; };
		6AF5D3991B7368D7005CDD58 /* launchImage.png in Resources */ = {isa = PBXBuildFile; fileRef = 6AF5D3981B7368D7005CDD58 /* launchImage.png */; };
		6AFC2D971B6B2E9F00C0861F /* FolderViewController.m in Sources */ = {isa = PBXBuildFile; fileRef = 6AFC2D951B6B2E9F00C0861F /* FolderViewController.m */; };
		6AFC2D981B6B2E9F00C0861F /* FolderViewController.xib in Resources */ = {isa = PBXBuildFile; fileRef = 6AFC2D961B6B2E9F00C0861F /* FolderViewController.xib */; };
		C30D26611B78873F00543898 /* Menu.png in Resources */ = {isa = PBXBuildFile; fileRef = C30D265B1B78873F00543898 /* Menu.png */; };
		C30D26621B78873F00543898 /* PopupView.xib in Resources */ = {isa = PBXBuildFile; fileRef = C30D265C1B78873F00543898 /* PopupView.xib */; };
		C30D26631B78873F00543898 /* show-menu-icon.png in Resources */ = {isa = PBXBuildFile; fileRef = C30D265D1B78873F00543898 /* show-menu-icon.png */; };
		C30D26641B78873F00543898 /* user1.png in Resources */ = {isa = PBXBuildFile; fileRef = C30D265E1B78873F00543898 /* user1.png */; };
		C30D26651B78873F00543898 /* user2.png in Resources */ = {isa = PBXBuildFile; fileRef = C30D265F1B78873F00543898 /* user2.png */; };
		C30D26661B78873F00543898 /* whiteBackground.png in Resources */ = {isa = PBXBuildFile; fileRef = C30D26601B78873F00543898 /* whiteBackground.png */; };
		C30D26691B788B1100543898 /* logout.png in Resources */ = {isa = PBXBuildFile; fileRef = C30D26671B788B1100543898 /* logout.png */; };
		C30D266A1B788B1100543898 /* setting.png in Resources */ = {isa = PBXBuildFile; fileRef = C30D26681B788B1100543898 /* setting.png */; };
		C30D266C1B788BEE00543898 /* upload2.png in Resources */ = {isa = PBXBuildFile; fileRef = C30D266B1B788BEE00543898 /* upload2.png */; };
		C30D26701B7C641900543898 /* folder_next.png in Resources */ = {isa = PBXBuildFile; fileRef = C30D266F1B7C641900543898 /* folder_next.png */; };
		C373F22E1B62364B0018639D /* Docuflo Logo.PNG in Resources */ = {isa = PBXBuildFile; fileRef = C373F22D1B62364B0018639D /* Docuflo Logo.PNG */; };
		C373F2321B65CF980018639D /* background1.png in Resources */ = {isa = PBXBuildFile; fileRef = C373F2311B65CF980018639D /* background1.png */; };
		C3778C8C1B71AD96007F452C /* camera.png in Resources */ = {isa = PBXBuildFile; fileRef = C3778C841B71AD96007F452C /* camera.png */; };
		C3778C8D1B71AD96007F452C /* doc1.png in Resources */ = {isa = PBXBuildFile; fileRef = C3778C851B71AD96007F452C /* doc1.png */; };
		C3778C8E1B71AD96007F452C /* Gif1.png in Resources */ = {isa = PBXBuildFile; fileRef = C3778C861B71AD96007F452C /* Gif1.png */; };
		C3778C8F1B71AD96007F452C /* IMG1.png in Resources */ = {isa = PBXBuildFile; fileRef = C3778C871B71AD96007F452C /* IMG1.png */; };
		C3778C901B71AD96007F452C /* IMG2.png in Resources */ = {isa = PBXBuildFile; fileRef = C3778C881B71AD96007F452C /* IMG2.png */; };
		C3778C911B71AD96007F452C /* Jpg1.png in Resources */ = {isa = PBXBuildFile; fileRef = C3778C891B71AD96007F452C /* Jpg1.png */; };
		C3778C921B71AD96007F452C /* PDF1.png in Resources */ = {isa = PBXBuildFile; fileRef = C3778C8A1B71AD96007F452C /* PDF1.png */; };
		C3778C931B71AD96007F452C /* Tiff1.png in Resources */ = {isa = PBXBuildFile; fileRef = C3778C8B1B71AD96007F452C /* Tiff1.png */; };
		C3778CAA1B71B88E007F452C /* back1.png in Resources */ = {isa = PBXBuildFile; fileRef = C3778CA81B71B88E007F452C /* back1.png */; };
		C3778CAB1B71B88E007F452C /* upload1.png in Resources */ = {isa = PBXBuildFile; fileRef = C3778CA91B71B88E007F452C /* upload1.png */; };
		C3778CAE1B71B992007F452C /* back.png in Resources */ = {isa = PBXBuildFile; fileRef = C3778CAC1B71B992007F452C /* back.png */; };
		C3778CAF1B71B992007F452C /* next.png in Resources */ = {isa = PBXBuildFile; fileRef = C3778CAD1B71B992007F452C /* next.png */; };
		C3778CB11B71DC76007F452C /* BlueSquareButton.png in Resources */ = {isa = PBXBuildFile; fileRef = C3778CB01B71DC76007F452C /* BlueSquareButton.png */; };
		C3778CB31B71DDA5007F452C /* blue-button.png in Resources */ = {isa = PBXBuildFile; fileRef = C3778CB21B71DDA5007F452C /* blue-button.png */; };
		C38476E71B4245D700063D90 /* DMSViewController.m in Sources */ = {isa = PBXBuildFile; fileRef = C38476E51B4245D700063D90 /* DMSViewController.m */; };
		C38476E81B4245D700063D90 /* DMSViewController.xib in Resources */ = {isa = PBXBuildFile; fileRef = C38476E61B4245D700063D90 /* DMSViewController.xib */; };
		C38476EC1B424CF000063D90 /* ModuleViewController.m in Sources */ = {isa = PBXBuildFile; fileRef = C38476EA1B424CF000063D90 /* ModuleViewController.m */; };
		C38476ED1B424CF000063D90 /* ModuleViewController.xib in Resources */ = {isa = PBXBuildFile; fileRef = C38476EB1B424CF000063D90 /* ModuleViewController.xib */; };
		C38476F11B424EC200063D90 /* SearchViewController.m in Sources */ = {isa = PBXBuildFile; fileRef = C38476EF1B424EC200063D90 /* SearchViewController.m */; };
		C38476F21B424EC200063D90 /* SearchViewController.xib in Resources */ = {isa = PBXBuildFile; fileRef = C38476F01B424EC200063D90 /* SearchViewController.xib */; };
		C38476F51B42506600063D90 /* line.png in Resources */ = {isa = PBXBuildFile; fileRef = C38476F41B42506600063D90 /* line.png */; };
		C38476F91B4252CA00063D90 /* 32px-Download_Files_4_You_Logo.png in Resources */ = {isa = PBXBuildFile; fileRef = C38476F81B4252CA00063D90 /* 32px-Download_Files_4_You_Logo.png */; };
		C38476FB1B42530600063D90 /* 64px-Download_Files_4_You_Logo.png in Resources */ = {isa = PBXBuildFile; fileRef = C38476FA1B42530600063D90 /* 64px-Download_Files_4_You_Logo.png */; };
		C38476FD1B42532400063D90 /* Download_Files_4_You_Logo.png in Resources */ = {isa = PBXBuildFile; fileRef = C38476FC1B42532400063D90 /* Download_Files_4_You_Logo.png */; };
		C38476FF1B42572600063D90 /* small-button-th.png in Resources */ = {isa = PBXBuildFile; fileRef = C38476FE1B42572600063D90 /* small-button-th.png */; };
		C38477011B42576F00063D90 /* small-button-md.png in Resources */ = {isa = PBXBuildFile; fileRef = C38477001B42576F00063D90 /* small-button-md.png */; };
		C3977D491B672BE000EA5B33 /* tiff-128.png in Resources */ = {isa = PBXBuildFile; fileRef = C3977D481B672BE000EA5B33 /* tiff-128.png */; };
		C39D16981B672D8800A90D38 /* ai.png in Resources */ = {isa = PBXBuildFile; fileRef = C39D16901B672D8800A90D38 /* ai.png */; };
		C39D16991B672D8800A90D38 /* doc.png in Resources */ = {isa = PBXBuildFile; fileRef = C39D16911B672D8800A90D38 /* doc.png */; };
		C39D169A1B672D8800A90D38 /* file-xml.png in Resources */ = {isa = PBXBuildFile; fileRef = C39D16921B672D8800A90D38 /* file-xml.png */; };
		C39D169B1B672D8800A90D38 /* gif.png in Resources */ = {isa = PBXBuildFile; fileRef = C39D16931B672D8800A90D38 /* gif.png */; };
		C39D169C1B672D8800A90D38 /* IMG.png in Resources */ = {isa = PBXBuildFile; fileRef = C39D16941B672D8800A90D38 /* IMG.png */; };
		C39D169D1B672D8800A90D38 /* JPEG.png in Resources */ = {isa = PBXBuildFile; fileRef = C39D16951B672D8800A90D38 /* JPEG.png */; };
		C39D169E1B672D8800A90D38 /* PDF.png in Resources */ = {isa = PBXBuildFile; fileRef = C39D16961B672D8800A90D38 /* PDF.png */; };
		C39D169F1B672D8800A90D38 /* tif.png in Resources */ = {isa = PBXBuildFile; fileRef = C39D16971B672D8800A90D38 /* tif.png */; };
		F445F9B31805BAD9003CF95E /* Foundation.framework in Frameworks */ = {isa = PBXBuildFile; fileRef = F445F9B21805BAD9003CF95E /* Foundation.framework */; };
		F445F9B51805BAD9003CF95E /* CoreGraphics.framework in Frameworks */ = {isa = PBXBuildFile; fileRef = F445F9B41805BAD9003CF95E /* CoreGraphics.framework */; };
		F445F9B71805BAD9003CF95E /* UIKit.framework in Frameworks */ = {isa = PBXBuildFile; fileRef = F445F9B61805BAD9003CF95E /* UIKit.framework */; };
		F445F9BD1805BAD9003CF95E /* InfoPlist.strings in Resources */ = {isa = PBXBuildFile; fileRef = F445F9BB1805BAD9003CF95E /* InfoPlist.strings */; };
		F445F9BF1805BAD9003CF95E /* main.m in Sources */ = {isa = PBXBuildFile; fileRef = F445F9BE1805BAD9003CF95E /* main.m */; };
		F445F9C31805BAD9003CF95E /* AppDelegate.m in Sources */ = {isa = PBXBuildFile; fileRef = F445F9C21805BAD9003CF95E /* AppDelegate.m */; };
		F445F9C51805BAD9003CF95E /* Images.xcassets in Resources */ = {isa = PBXBuildFile; fileRef = F445F9C41805BAD9003CF95E /* Images.xcassets */; };
		F445F9CC1805BADA003CF95E /* XCTest.framework in Frameworks */ = {isa = PBXBuildFile; fileRef = F445F9CB1805BADA003CF95E /* XCTest.framework */; };
		F445F9CD1805BADA003CF95E /* Foundation.framework in Frameworks */ = {isa = PBXBuildFile; fileRef = F445F9B21805BAD9003CF95E /* Foundation.framework */; };
		F445F9CE1805BADA003CF95E /* UIKit.framework in Frameworks */ = {isa = PBXBuildFile; fileRef = F445F9B61805BAD9003CF95E /* UIKit.framework */; };
		F445F9D61805BADA003CF95E /* InfoPlist.strings in Resources */ = {isa = PBXBuildFile; fileRef = F445F9D41805BADA003CF95E /* InfoPlist.strings */; };
		F445F9D81805BADA003CF95E /* HelloWorldTests.m in Sources */ = {isa = PBXBuildFile; fileRef = F445F9D71805BADA003CF95E /* HelloWorldTests.m */; };
/* End PBXBuildFile section */

/* Begin PBXContainerItemProxy section */
		F445F9CF1805BADA003CF95E /* PBXContainerItemProxy */ = {
			isa = PBXContainerItemProxy;
			containerPortal = F445F9A71805BAD9003CF95E /* Project object */;
			proxyType = 1;
			remoteGlobalIDString = F445F9AE1805BAD9003CF95E;
			remoteInfo = HelloWorld;
		};
/* End PBXContainerItemProxy section */

/* Begin PBXFileReference section */
		6A02B2741B69CA7E00A524A9 /* ProfileViewController.h */ = {isa = PBXFileReference; fileEncoding = 4; lastKnownFileType = sourcecode.c.h; path = ProfileViewController.h; sourceTree = "<group>"; };
		6A02B2751B69CA7E00A524A9 /* ProfileViewController.m */ = {isa = PBXFileReference; fileEncoding = 4; lastKnownFileType = sourcecode.c.objc; path = ProfileViewController.m; sourceTree = "<group>"; };
		6A02B2761B69CA7E00A524A9 /* ProfileViewController.xib */ = {isa = PBXFileReference; fileEncoding = 4; lastKnownFileType = file.xib; path = ProfileViewController.xib; sourceTree = "<group>"; };
		6A02B2791B6A05E000A524A9 /* IndexViewController.h */ = {isa = PBXFileReference; fileEncoding = 4; lastKnownFileType = sourcecode.c.h; path = IndexViewController.h; sourceTree = "<group>"; };
		6A02B27A1B6A05E000A524A9 /* IndexViewController.m */ = {isa = PBXFileReference; fileEncoding = 4; lastKnownFileType = sourcecode.c.objc; path = IndexViewController.m; sourceTree = "<group>"; };
		6A02B27B1B6A05E000A524A9 /* IndexViewController.xib */ = {isa = PBXFileReference; fileEncoding = 4; lastKnownFileType = file.xib; path = IndexViewController.xib; sourceTree = "<group>"; };
		6A03FB211B709E2D002696B7 /* folder_add.png */ = {isa = PBXFileReference; lastKnownFileType = image.png; path = folder_add.png; sourceTree = "<group>"; };
		6A03FB221B709E2D002696B7 /* photo1.png */ = {isa = PBXFileReference; lastKnownFileType = image.png; path = photo1.png; sourceTree = "<group>"; };
		6A050A961B798D8A000E2A55 /* DMSViewController_IPAD@.xib */ = {isa = PBXFileReference; fileEncoding = 4; lastKnownFileType = file.xib; path = "DMSViewController_IPAD@.xib"; sourceTree = "<group>"; };
		6A050A9A1B7997B9000E2A55 /* SearchViewController_IPAD@.xib */ = {isa = PBXFileReference; fileEncoding = 4; lastKnownFileType = file.xib; path = "SearchViewController_IPAD@.xib"; sourceTree = "<group>"; };
		6A113CFE1B6F1F790069DE55 /* open folder.png */ = {isa = PBXFileReference; lastKnownFileType = image.png; path = "open folder.png"; sourceTree = "<group>"; };
		6A16300B1B673FB200EDE07F /* close.png */ = {isa = PBXFileReference; lastKnownFileType = image.png; path = close.png; sourceTree = "<group>"; };
		6A1B40191B6F257C00FEEFEC /* User.png */ = {isa = PBXFileReference; lastKnownFileType = image.png; path = User.png; sourceTree = "<group>"; };
		6A1B401B1B6F2A7400FEEFEC /* APPViewController.h */ = {isa = PBXFileReference; fileEncoding = 4; lastKnownFileType = sourcecode.c.h; path = APPViewController.h; sourceTree = "<group>"; };
		6A1B401C1B6F2A7400FEEFEC /* APPViewController.m */ = {isa = PBXFileReference; fileEncoding = 4; lastKnownFileType = sourcecode.c.objc; path = APPViewController.m; sourceTree = "<group>"; };
		6A1B401E1B6F2A8800FEEFEC /* APPViewController.xib */ = {isa = PBXFileReference; fileEncoding = 4; lastKnownFileType = file.xib; path = APPViewController.xib; sourceTree = "<group>"; };
		6A82FD2B1B7B00E60031EA9D /* ProfileViewController_IPAD@.xib */ = {isa = PBXFileReference; fileEncoding = 4; lastKnownFileType = file.xib; path = "ProfileViewController_IPAD@.xib"; sourceTree = "<group>"; };
		6A82FD2D1B7B04330031EA9D /* IndexViewController_IPAD@.xib */ = {isa = PBXFileReference; fileEncoding = 4; lastKnownFileType = file.xib; path = "IndexViewController_IPAD@.xib"; sourceTree = "<group>"; };
		6A82FD2F1B7B2E100031EA9D /* FolderViewController_IPAD@.xib */ = {isa = PBXFileReference; fileEncoding = 4; lastKnownFileType = file.xib; path = "FolderViewController_IPAD@.xib"; sourceTree = "<group>"; };
		6A82FD311B7B3C8F0031EA9D /* APPViewController_IPAD@.xib */ = {isa = PBXFileReference; fileEncoding = 4; lastKnownFileType = file.xib; path = "APPViewController_IPAD@.xib"; sourceTree = "<group>"; };
		6A82FD331B7B40530031EA9D /* PopupView_IPAD@.xib */ = {isa = PBXFileReference; fileEncoding = 4; lastKnownFileType = file.xib; path = "PopupView_IPAD@.xib"; sourceTree = "<group>"; };
		6ABAFD5E1B54C070000EB3AF /* abstract_business_background_311474.jpg */ = {isa = PBXFileReference; lastKnownFileType = image.jpeg; path = abstract_business_background_311474.jpg; sourceTree = "<group>"; };
		6ABAFD601B54D981000EB3AF /* orange-ribbon-abstract-hd1080p.jpg */ = {isa = PBXFileReference; lastKnownFileType = image.jpeg; path = "orange-ribbon-abstract-hd1080p.jpg"; sourceTree = "<group>"; };
		6ABAFD621B54D9EC000EB3AF /* BAckground.png */ = {isa = PBXFileReference; lastKnownFileType = image.png; path = BAckground.png; sourceTree = "<group>"; };
		6ABAFD661B55FC43000EB3AF /* pdfView.h */ = {isa = PBXFileReference; fileEncoding = 4; lastKnownFileType = sourcecode.c.h; path = pdfView.h; sourceTree = "<group>"; };
		6ABAFD671B55FC43000EB3AF /* pdfView.m */ = {isa = PBXFileReference; fileEncoding = 4; lastKnownFileType = sourcecode.c.objc; path = pdfView.m; sourceTree = "<group>"; };
		6AF003A91B7485FC003C618E /* Icon-60@3x-1.png */ = {isa = PBXFileReference; lastKnownFileType = image.png; path = "Icon-60@3x-1.png"; sourceTree = "<group>"; };
		6AF003AA1B7485FC003C618E /* Icon-40@2x-1.png */ = {isa = PBXFileReference; lastKnownFileType = image.png; path = "Icon-40@2x-1.png"; sourceTree = "<group>"; };
		6AF003AD1B7486A0003C618E /* Icon-60@2x.png */ = {isa = PBXFileReference; lastKnownFileType = image.png; path = "Icon-60@2x.png"; sourceTree = "<group>"; };
		6AF003AF1B7486BA003C618E /* Icon-40@2x-2.png */ = {isa = PBXFileReference; lastKnownFileType = image.png; path = "Icon-40@2x-2.png"; sourceTree = "<group>"; };
		6AF4EBEB1B6F4B7400EF2999 /* MMX DIGITAL CAMERA.png */ = {isa = PBXFileReference; lastKnownFileType = image.png; path = "MMX DIGITAL CAMERA.png"; sourceTree = "<group>"; };
		6AF4EBED1B6F4B8500EF2999 /* MMX DIGITAL CAMERA - PICTURES.png */ = {isa = PBXFileReference; lastKnownFileType = image.png; path = "MMX DIGITAL CAMERA - PICTURES.png"; sourceTree = "<group>"; };
		6AF4EBEF1B6F4EE500EF2999 /* Upload.png */ = {isa = PBXFileReference; lastKnownFileType = image.png; path = Upload.png; sourceTree = "<group>"; };
		6AF4EBF11B6F6AA900EF2999 /* Base64.h */ = {isa = PBXFileReference; fileEncoding = 4; lastKnownFileType = sourcecode.c.h; path = Base64.h; sourceTree = "<group>"; };
		6AF4EBF21B6F6AA900EF2999 /* Base64.m */ = {isa = PBXFileReference; fileEncoding = 4; lastKnownFileType = sourcecode.c.objc; path = Base64.m; sourceTree = "<group>"; };
		6AF5D3981B7368D7005CDD58 /* launchImage.png */ = {isa = PBXFileReference; lastKnownFileType = image.png; path = launchImage.png; sourceTree = "<group>"; };
		6AFC2D941B6B2E9F00C0861F /* FolderViewController.h */ = {isa = PBXFileReference; fileEncoding = 4; lastKnownFileType = sourcecode.c.h; path = FolderViewController.h; sourceTree = "<group>"; };
		6AFC2D951B6B2E9F00C0861F /* FolderViewController.m */ = {isa = PBXFileReference; fileEncoding = 4; lastKnownFileType = sourcecode.c.objc; path = FolderViewController.m; sourceTree = "<group>"; };
		6AFC2D961B6B2E9F00C0861F /* FolderViewController.xib */ = {isa = PBXFileReference; fileEncoding = 4; lastKnownFileType = file.xib; path = FolderViewController.xib; sourceTree = "<group>"; };
		C30D265B1B78873F00543898 /* Menu.png */ = {isa = PBXFileReference; lastKnownFileType = image.png; path = Menu.png; sourceTree = "<group>"; };
		C30D265C1B78873F00543898 /* PopupView.xib */ = {isa = PBXFileReference; fileEncoding = 4; lastKnownFileType = file.xib; path = PopupView.xib; sourceTree = "<group>"; };
		C30D265D1B78873F00543898 /* show-menu-icon.png */ = {isa = PBXFileReference; lastKnownFileType = image.png; path = "show-menu-icon.png"; sourceTree = "<group>"; };
		C30D265E1B78873F00543898 /* user1.png */ = {isa = PBXFileReference; lastKnownFileType = image.png; path = user1.png; sourceTree = "<group>"; };
		C30D265F1B78873F00543898 /* user2.png */ = {isa = PBXFileReference; lastKnownFileType = image.png; path = user2.png; sourceTree = "<group>"; };
		C30D26601B78873F00543898 /* whiteBackground.png */ = {isa = PBXFileReference; lastKnownFileType = image.png; path = whiteBackground.png; sourceTree = "<group>"; };
		C30D26671B788B1100543898 /* logout.png */ = {isa = PBXFileReference; lastKnownFileType = image.png; path = logout.png; sourceTree = "<group>"; };
		C30D26681B788B1100543898 /* setting.png */ = {isa = PBXFileReference; lastKnownFileType = image.png; path = setting.png; sourceTree = "<group>"; };
		C30D266B1B788BEE00543898 /* upload2.png */ = {isa = PBXFileReference; lastKnownFileType = image.png; path = upload2.png; sourceTree = "<group>"; };
		C30D266F1B7C641900543898 /* folder_next.png */ = {isa = PBXFileReference; lastKnownFileType = image.png; path = folder_next.png; sourceTree = "<group>"; };
		C373F22D1B62364B0018639D /* Docuflo Logo.PNG */ = {isa = PBXFileReference; lastKnownFileType = image.png; path = "Docuflo Logo.PNG"; sourceTree = "<group>"; };
		C373F2311B65CF980018639D /* background1.png */ = {isa = PBXFileReference; lastKnownFileType = image.png; path = background1.png; sourceTree = "<group>"; };
		C3778C841B71AD96007F452C /* camera.png */ = {isa = PBXFileReference; lastKnownFileType = image.png; path = camera.png; sourceTree = "<group>"; };
		C3778C851B71AD96007F452C /* doc1.png */ = {isa = PBXFileReference; lastKnownFileType = image.png; path = doc1.png; sourceTree = "<group>"; };
		C3778C861B71AD96007F452C /* Gif1.png */ = {isa = PBXFileReference; lastKnownFileType = image.png; path = Gif1.png; sourceTree = "<group>"; };
		C3778C871B71AD96007F452C /* IMG1.png */ = {isa = PBXFileReference; lastKnownFileType = image.png; path = IMG1.png; sourceTree = "<group>"; };
		C3778C881B71AD96007F452C /* IMG2.png */ = {isa = PBXFileReference; lastKnownFileType = image.png; path = IMG2.png; sourceTree = "<group>"; };
		C3778C891B71AD96007F452C /* Jpg1.png */ = {isa = PBXFileReference; lastKnownFileType = image.png; path = Jpg1.png; sourceTree = "<group>"; };
		C3778C8A1B71AD96007F452C /* PDF1.png */ = {isa = PBXFileReference; lastKnownFileType = image.png; path = PDF1.png; sourceTree = "<group>"; };
		C3778C8B1B71AD96007F452C /* Tiff1.png */ = {isa = PBXFileReference; lastKnownFileType = image.png; path = Tiff1.png; sourceTree = "<group>"; };
		C3778CA81B71B88E007F452C /* back1.png */ = {isa = PBXFileReference; lastKnownFileType = image.png; path = back1.png; sourceTree = "<group>"; };
		C3778CA91B71B88E007F452C /* upload1.png */ = {isa = PBXFileReference; lastKnownFileType = image.png; path = upload1.png; sourceTree = "<group>"; };
		C3778CAC1B71B992007F452C /* back.png */ = {isa = PBXFileReference; lastKnownFileType = image.png; path = back.png; sourceTree = "<group>"; };
		C3778CAD1B71B992007F452C /* next.png */ = {isa = PBXFileReference; lastKnownFileType = image.png; path = next.png; sourceTree = "<group>"; };
		C3778CB01B71DC76007F452C /* BlueSquareButton.png */ = {isa = PBXFileReference; lastKnownFileType = image.png; path = BlueSquareButton.png; sourceTree = "<group>"; };
		C3778CB21B71DDA5007F452C /* blue-button.png */ = {isa = PBXFileReference; lastKnownFileType = image.png; path = "blue-button.png"; sourceTree = "<group>"; };
		C38476E41B4245D700063D90 /* DMSViewController.h */ = {isa = PBXFileReference; fileEncoding = 4; lastKnownFileType = sourcecode.c.h; path = DMSViewController.h; sourceTree = "<group>"; };
		C38476E51B4245D700063D90 /* DMSViewController.m */ = {isa = PBXFileReference; fileEncoding = 4; lastKnownFileType = sourcecode.c.objc; path = DMSViewController.m; sourceTree = "<group>"; };
		C38476E61B4245D700063D90 /* DMSViewController.xib */ = {isa = PBXFileReference; fileEncoding = 4; lastKnownFileType = file.xib; path = DMSViewController.xib; sourceTree = "<group>"; };
		C38476E91B424CF000063D90 /* ModuleViewController.h */ = {isa = PBXFileReference; fileEncoding = 4; lastKnownFileType = sourcecode.c.h; path = ModuleViewController.h; sourceTree = "<group>"; };
		C38476EA1B424CF000063D90 /* ModuleViewController.m */ = {isa = PBXFileReference; fileEncoding = 4; lastKnownFileType = sourcecode.c.objc; path = ModuleViewController.m; sourceTree = "<group>"; };
		C38476EB1B424CF000063D90 /* ModuleViewController.xib */ = {isa = PBXFileReference; fileEncoding = 4; lastKnownFileType = file.xib; path = ModuleViewController.xib; sourceTree = "<group>"; };
		C38476EE1B424EC200063D90 /* SearchViewController.h */ = {isa = PBXFileReference; fileEncoding = 4; lastKnownFileType = sourcecode.c.h; path = SearchViewController.h; sourceTree = "<group>"; };
		C38476EF1B424EC200063D90 /* SearchViewController.m */ = {isa = PBXFileReference; fileEncoding = 4; lastKnownFileType = sourcecode.c.objc; path = SearchViewController.m; sourceTree = "<group>"; };
		C38476F01B424EC200063D90 /* SearchViewController.xib */ = {isa = PBXFileReference; fileEncoding = 4; lastKnownFileType = file.xib; path = SearchViewController.xib; sourceTree = "<group>"; };
		C38476F41B42506600063D90 /* line.png */ = {isa = PBXFileReference; lastKnownFileType = image.png; path = line.png; sourceTree = "<group>"; };
		C38476F81B4252CA00063D90 /* 32px-Download_Files_4_You_Logo.png */ = {isa = PBXFileReference; lastKnownFileType = image.png; path = "32px-Download_Files_4_You_Logo.png"; sourceTree = "<group>"; };
		C38476FA1B42530600063D90 /* 64px-Download_Files_4_You_Logo.png */ = {isa = PBXFileReference; lastKnownFileType = image.png; path = "64px-Download_Files_4_You_Logo.png"; sourceTree = "<group>"; };
		C38476FC1B42532400063D90 /* Download_Files_4_You_Logo.png */ = {isa = PBXFileReference; lastKnownFileType = image.png; path = Download_Files_4_You_Logo.png; sourceTree = "<group>"; };
		C38476FE1B42572600063D90 /* small-button-th.png */ = {isa = PBXFileReference; lastKnownFileType = image.png; path = "small-button-th.png"; sourceTree = "<group>"; };
		C38477001B42576F00063D90 /* small-button-md.png */ = {isa = PBXFileReference; lastKnownFileType = image.png; path = "small-button-md.png"; sourceTree = "<group>"; };
		C3977D481B672BE000EA5B33 /* tiff-128.png */ = {isa = PBXFileReference; lastKnownFileType = image.png; path = "tiff-128.png"; sourceTree = "<group>"; };
		C39D16901B672D8800A90D38 /* ai.png */ = {isa = PBXFileReference; lastKnownFileType = image.png; path = ai.png; sourceTree = "<group>"; };
		C39D16911B672D8800A90D38 /* doc.png */ = {isa = PBXFileReference; lastKnownFileType = image.png; path = doc.png; sourceTree = "<group>"; };
		C39D16921B672D8800A90D38 /* file-xml.png */ = {isa = PBXFileReference; lastKnownFileType = image.png; path = "file-xml.png"; sourceTree = "<group>"; };
		C39D16931B672D8800A90D38 /* gif.png */ = {isa = PBXFileReference; lastKnownFileType = image.png; path = gif.png; sourceTree = "<group>"; };
		C39D16941B672D8800A90D38 /* IMG.png */ = {isa = PBXFileReference; lastKnownFileType = image.png; path = IMG.png; sourceTree = "<group>"; };
		C39D16951B672D8800A90D38 /* JPEG.png */ = {isa = PBXFileReference; lastKnownFileType = image.png; path = JPEG.png; sourceTree = "<group>"; };
		C39D16961B672D8800A90D38 /* PDF.png */ = {isa = PBXFileReference; lastKnownFileType = image.png; path = PDF.png; sourceTree = "<group>"; };
		C39D16971B672D8800A90D38 /* tif.png */ = {isa = PBXFileReference; lastKnownFileType = image.png; path = tif.png; sourceTree = "<group>"; };
		F445F9AF1805BAD9003CF95E /* Docuflo.app */ = {isa = PBXFileReference; explicitFileType = wrapper.application; includeInIndex = 0; path = Docuflo.app; sourceTree = BUILT_PRODUCTS_DIR; };
		F445F9B21805BAD9003CF95E /* Foundation.framework */ = {isa = PBXFileReference; lastKnownFileType = wrapper.framework; name = Foundation.framework; path = System/Library/Frameworks/Foundation.framework; sourceTree = SDKROOT; };
		F445F9B41805BAD9003CF95E /* CoreGraphics.framework */ = {isa = PBXFileReference; lastKnownFileType = wrapper.framework; name = CoreGraphics.framework; path = System/Library/Frameworks/CoreGraphics.framework; sourceTree = SDKROOT; };
		F445F9B61805BAD9003CF95E /* UIKit.framework */ = {isa = PBXFileReference; lastKnownFileType = wrapper.framework; name = UIKit.framework; path = System/Library/Frameworks/UIKit.framework; sourceTree = SDKROOT; };
		F445F9BA1805BAD9003CF95E /* Docuflo-Info.plist */ = {isa = PBXFileReference; lastKnownFileType = text.plist.xml; path = "Docuflo-Info.plist"; sourceTree = "<group>"; };
		F445F9BC1805BAD9003CF95E /* en */ = {isa = PBXFileReference; lastKnownFileType = text.plist.strings; name = en; path = en.lproj/InfoPlist.strings; sourceTree = "<group>"; };
		F445F9BE1805BAD9003CF95E /* main.m */ = {isa = PBXFileReference; lastKnownFileType = sourcecode.c.objc; path = main.m; sourceTree = "<group>"; };
		F445F9C01805BAD9003CF95E /* Docuflo-Prefix.pch */ = {isa = PBXFileReference; lastKnownFileType = sourcecode.c.h; path = "Docuflo-Prefix.pch"; sourceTree = "<group>"; };
		F445F9C11805BAD9003CF95E /* AppDelegate.h */ = {isa = PBXFileReference; lastKnownFileType = sourcecode.c.h; path = AppDelegate.h; sourceTree = "<group>"; };
		F445F9C21805BAD9003CF95E /* AppDelegate.m */ = {isa = PBXFileReference; lastKnownFileType = sourcecode.c.objc; path = AppDelegate.m; sourceTree = "<group>"; };
		F445F9C41805BAD9003CF95E /* Images.xcassets */ = {isa = PBXFileReference; lastKnownFileType = folder.assetcatalog; path = Images.xcassets; sourceTree = "<group>"; };
		F445F9CA1805BADA003CF95E /* DocufloTests.xctest */ = {isa = PBXFileReference; explicitFileType = wrapper.cfbundle; includeInIndex = 0; path = DocufloTests.xctest; sourceTree = BUILT_PRODUCTS_DIR; };
		F445F9CB1805BADA003CF95E /* XCTest.framework */ = {isa = PBXFileReference; lastKnownFileType = wrapper.framework; name = XCTest.framework; path = Library/Frameworks/XCTest.framework; sourceTree = DEVELOPER_DIR; };
		F445F9D31805BADA003CF95E /* DocufloTests-Info.plist */ = {isa = PBXFileReference; lastKnownFileType = text.plist.xml; path = "DocufloTests-Info.plist"; sourceTree = "<group>"; };
		F445F9D51805BADA003CF95E /* en */ = {isa = PBXFileReference; lastKnownFileType = text.plist.strings; name = en; path = en.lproj/InfoPlist.strings; sourceTree = "<group>"; };
		F445F9D71805BADA003CF95E /* HelloWorldTests.m */ = {isa = PBXFileReference; lastKnownFileType = sourcecode.c.objc; path = HelloWorldTests.m; sourceTree = "<group>"; };
/* End PBXFileReference section */

/* Begin PBXFrameworksBuildPhase section */
		F445F9AC1805BAD9003CF95E /* Frameworks */ = {
			isa = PBXFrameworksBuildPhase;
			buildActionMask = 2147483647;
			files = (
				F445F9B51805BAD9003CF95E /* CoreGraphics.framework in Frameworks */,
				F445F9B71805BAD9003CF95E /* UIKit.framework in Frameworks */,
				F445F9B31805BAD9003CF95E /* Foundation.framework in Frameworks */,
			);
			runOnlyForDeploymentPostprocessing = 0;
		};
		F445F9C71805BADA003CF95E /* Frameworks */ = {
			isa = PBXFrameworksBuildPhase;
			buildActionMask = 2147483647;
			files = (
				F445F9CC1805BADA003CF95E /* XCTest.framework in Frameworks */,
				F445F9CE1805BADA003CF95E /* UIKit.framework in Frameworks */,
				F445F9CD1805BADA003CF95E /* Foundation.framework in Frameworks */,
			);
			runOnlyForDeploymentPostprocessing = 0;
		};
/* End PBXFrameworksBuildPhase section */

/* Begin PBXGroup section */
		6A82FD351B7B46120031EA9D /* XIb */ = {
			isa = PBXGroup;
			children = (
				C38476EB1B424CF000063D90 /* ModuleViewController.xib */,
				6A050A961B798D8A000E2A55 /* DMSViewController_IPAD@.xib */,
				C38476E61B4245D700063D90 /* DMSViewController.xib */,
				C38476F01B424EC200063D90 /* SearchViewController.xib */,
				6A050A9A1B7997B9000E2A55 /* SearchViewController_IPAD@.xib */,
				C30D265C1B78873F00543898 /* PopupView.xib */,
				6A82FD331B7B40530031EA9D /* PopupView_IPAD@.xib */,
				6A02B2761B69CA7E00A524A9 /* ProfileViewController.xib */,
				6A82FD2B1B7B00E60031EA9D /* ProfileViewController_IPAD@.xib */,
				6A02B27B1B6A05E000A524A9 /* IndexViewController.xib */,
				6A82FD2D1B7B04330031EA9D /* IndexViewController_IPAD@.xib */,
				6AFC2D961B6B2E9F00C0861F /* FolderViewController.xib */,
				6A82FD2F1B7B2E100031EA9D /* FolderViewController_IPAD@.xib */,
				6A1B401E1B6F2A8800FEEFEC /* APPViewController.xib */,
				6A82FD311B7B3C8F0031EA9D /* APPViewController_IPAD@.xib */,
			);
			name = XIb;
			sourceTree = "<group>";
		};
		6A82FD361B7B48310031EA9D /* ViewController */ = {
			isa = PBXGroup;
			children = (
				F445F9C11805BAD9003CF95E /* AppDelegate.h */,
				F445F9C21805BAD9003CF95E /* AppDelegate.m */,
				C38476E41B4245D700063D90 /* DMSViewController.h */,
				C38476E51B4245D700063D90 /* DMSViewController.m */,
				C38476E91B424CF000063D90 /* ModuleViewController.h */,
				C38476EA1B424CF000063D90 /* ModuleViewController.m */,
				C38476EE1B424EC200063D90 /* SearchViewController.h */,
				C38476EF1B424EC200063D90 /* SearchViewController.m */,
				6A02B2741B69CA7E00A524A9 /* ProfileViewController.h */,
				6A02B2751B69CA7E00A524A9 /* ProfileViewController.m */,
				6A02B2791B6A05E000A524A9 /* IndexViewController.h */,
				6A02B27A1B6A05E000A524A9 /* IndexViewController.m */,
				6AFC2D941B6B2E9F00C0861F /* FolderViewController.h */,
				6AFC2D951B6B2E9F00C0861F /* FolderViewController.m */,
				6A1B401B1B6F2A7400FEEFEC /* APPViewController.h */,
				6A1B401C1B6F2A7400FEEFEC /* APPViewController.m */,
				6ABAFD661B55FC43000EB3AF /* pdfView.h */,
				6ABAFD671B55FC43000EB3AF /* pdfView.m */,
				6AF4EBF11B6F6AA900EF2999 /* Base64.h */,
				6AF4EBF21B6F6AA900EF2999 /* Base64.m */,
			);
			name = ViewController;
			sourceTree = "<group>";
		};
		C38476F31B42504D00063D90 /* Image */ = {
			isa = PBXGroup;
			children = (
				6ABAFD5E1B54C070000EB3AF /* abstract_business_background_311474.jpg */,
				6ABAFD601B54D981000EB3AF /* orange-ribbon-abstract-hd1080p.jpg */,
				6ABAFD621B54D9EC000EB3AF /* BAckground.png */,
				C30D26671B788B1100543898 /* logout.png */,
				C30D26681B788B1100543898 /* setting.png */,
				6AF003AF1B7486BA003C618E /* Icon-40@2x-2.png */,
				6AF003AD1B7486A0003C618E /* Icon-60@2x.png */,
				6AF003A91B7485FC003C618E /* Icon-60@3x-1.png */,
				C30D266B1B788BEE00543898 /* upload2.png */,
				6AF003AA1B7485FC003C618E /* Icon-40@2x-1.png */,
				C30D266F1B7C641900543898 /* folder_next.png */,
				C30D265B1B78873F00543898 /* Menu.png */,
				C30D265D1B78873F00543898 /* show-menu-icon.png */,
				C30D265E1B78873F00543898 /* user1.png */,
				C30D265F1B78873F00543898 /* user2.png */,
				C30D26601B78873F00543898 /* whiteBackground.png */,
				6AF5D3981B7368D7005CDD58 /* launchImage.png */,
				C3778CAC1B71B992007F452C /* back.png */,
				C3778CAD1B71B992007F452C /* next.png */,
				C3778C841B71AD96007F452C /* camera.png */,
				C3778C851B71AD96007F452C /* doc1.png */,
				C3778CB21B71DDA5007F452C /* blue-button.png */,
				C3778CB01B71DC76007F452C /* BlueSquareButton.png */,
				C3778CA81B71B88E007F452C /* back1.png */,
				C3778CA91B71B88E007F452C /* upload1.png */,
				C3778C861B71AD96007F452C /* Gif1.png */,
				C3778C871B71AD96007F452C /* IMG1.png */,
				C3778C881B71AD96007F452C /* IMG2.png */,
				C3778C891B71AD96007F452C /* Jpg1.png */,
				C3778C8A1B71AD96007F452C /* PDF1.png */,
				C3778C8B1B71AD96007F452C /* Tiff1.png */,
				6A03FB211B709E2D002696B7 /* folder_add.png */,
				6A03FB221B709E2D002696B7 /* photo1.png */,
				6A16300B1B673FB200EDE07F /* close.png */,
				C39D16901B672D8800A90D38 /* ai.png */,
				C39D16911B672D8800A90D38 /* doc.png */,
				6AF4EBEB1B6F4B7400EF2999 /* MMX DIGITAL CAMERA.png */,
				C39D16921B672D8800A90D38 /* file-xml.png */,
				C39D16931B672D8800A90D38 /* gif.png */,
				C39D16941B672D8800A90D38 /* IMG.png */,
				6AF4EBED1B6F4B8500EF2999 /* MMX DIGITAL CAMERA - PICTURES.png */,
				C39D16951B672D8800A90D38 /* JPEG.png */,
				6AF4EBEF1B6F4EE500EF2999 /* Upload.png */,
				C39D16961B672D8800A90D38 /* PDF.png */,
				C39D16971B672D8800A90D38 /* tif.png */,
				C3977D481B672BE000EA5B33 /* tiff-128.png */,
				C373F2311B65CF980018639D /* background1.png */,
				C373F22D1B62364B0018639D /* Docuflo Logo.PNG */,
				6A113CFE1B6F1F790069DE55 /* open folder.png */,
				6A1B40191B6F257C00FEEFEC /* User.png */,
				C38477001B42576F00063D90 /* small-button-md.png */,
				C38476FE1B42572600063D90 /* small-button-th.png */,
				C38476FC1B42532400063D90 /* Download_Files_4_You_Logo.png */,
				C38476FA1B42530600063D90 /* 64px-Download_Files_4_You_Logo.png */,
				C38476F81B4252CA00063D90 /* 32px-Download_Files_4_You_Logo.png */,
				C38476F41B42506600063D90 /* line.png */,
			);
			name = Image;
			sourceTree = "<group>";
		};
		F445F9A61805BAD9003CF95E = {
			isa = PBXGroup;
			children = (
				F445F9B81805BAD9003CF95E /* HelloWorld */,
				F445F9D11805BADA003CF95E /* HelloWorldTests */,
				F445F9B11805BAD9003CF95E /* Frameworks */,
				F445F9B01805BAD9003CF95E /* Products */,
			);
			sourceTree = "<group>";
		};
		F445F9B01805BAD9003CF95E /* Products */ = {
			isa = PBXGroup;
			children = (
				F445F9AF1805BAD9003CF95E /* Docuflo.app */,
				F445F9CA1805BADA003CF95E /* DocufloTests.xctest */,
			);
			name = Products;
			sourceTree = "<group>";
		};
		F445F9B11805BAD9003CF95E /* Frameworks */ = {
			isa = PBXGroup;
			children = (
				F445F9B21805BAD9003CF95E /* Foundation.framework */,
				F445F9B41805BAD9003CF95E /* CoreGraphics.framework */,
				F445F9B61805BAD9003CF95E /* UIKit.framework */,
				F445F9CB1805BADA003CF95E /* XCTest.framework */,
			);
			name = Frameworks;
			sourceTree = "<group>";
		};
		F445F9B81805BAD9003CF95E /* HelloWorld */ = {
			isa = PBXGroup;
			children = (
				6A82FD361B7B48310031EA9D /* ViewController */,
				6A82FD351B7B46120031EA9D /* XIb */,
				F445F9C41805BAD9003CF95E /* Images.xcassets */,
				F445F9B91805BAD9003CF95E /* Supporting Files */,
			);
			path = HelloWorld;
			sourceTree = "<group>";
		};
		F445F9B91805BAD9003CF95E /* Supporting Files */ = {
			isa = PBXGroup;
			children = (
				C38476F31B42504D00063D90 /* Image */,
				F445F9BA1805BAD9003CF95E /* Docuflo-Info.plist */,
				F445F9BB1805BAD9003CF95E /* InfoPlist.strings */,
				F445F9BE1805BAD9003CF95E /* main.m */,
				F445F9C01805BAD9003CF95E /* Docuflo-Prefix.pch */,
			);
			name = "Supporting Files";
			sourceTree = "<group>";
		};
		F445F9D11805BADA003CF95E /* HelloWorldTests */ = {
			isa = PBXGroup;
			children = (
				F445F9D71805BADA003CF95E /* HelloWorldTests.m */,
				F445F9D21805BADA003CF95E /* Supporting Files */,
			);
			path = HelloWorldTests;
			sourceTree = "<group>";
		};
		F445F9D21805BADA003CF95E /* Supporting Files */ = {
			isa = PBXGroup;
			children = (
				F445F9D31805BADA003CF95E /* DocufloTests-Info.plist */,
				F445F9D41805BADA003CF95E /* InfoPlist.strings */,
			);
			name = "Supporting Files";
			sourceTree = "<group>";
		};
/* End PBXGroup section */

/* Begin PBXNativeTarget section */
		F445F9AE1805BAD9003CF95E /* Docuflo */ = {
			isa = PBXNativeTarget;
			buildConfigurationList = F445F9DB1805BADA003CF95E /* Build configuration list for PBXNativeTarget "Docuflo" */;
			buildPhases = (
				F445F9AB1805BAD9003CF95E /* Sources */,
				F445F9AC1805BAD9003CF95E /* Frameworks */,
				F445F9AD1805BAD9003CF95E /* Resources */,
			);
			buildRules = (
			);
			dependencies = (
			);
			name = Docuflo;
			productName = HelloWorld;
			productReference = F445F9AF1805BAD9003CF95E /* Docuflo.app */;
			productType = "com.apple.product-type.application";
		};
		F445F9C91805BADA003CF95E /* DocufloTests */ = {
			isa = PBXNativeTarget;
			buildConfigurationList = F445F9DE1805BADA003CF95E /* Build configuration list for PBXNativeTarget "DocufloTests" */;
			buildPhases = (
				F445F9C61805BADA003CF95E /* Sources */,
				F445F9C71805BADA003CF95E /* Frameworks */,
				F445F9C81805BADA003CF95E /* Resources */,
			);
			buildRules = (
			);
			dependencies = (
				F445F9D01805BADA003CF95E /* PBXTargetDependency */,
			);
			name = DocufloTests;
			productName = HelloWorldTests;
			productReference = F445F9CA1805BADA003CF95E /* DocufloTests.xctest */;
			productType = "com.apple.product-type.bundle.unit-test";
		};
/* End PBXNativeTarget section */

/* Begin PBXProject section */
		F445F9A71805BAD9003CF95E /* Project object */ = {
			isa = PBXProject;
			attributes = {
				LastUpgradeCheck = 0500;
				ORGANIZATIONNAME = Appcoda;
				TargetAttributes = {
					F445F9AE1805BAD9003CF95E = {
						DevelopmentTeam = 2YT8E2D9X6;
					};
					F445F9C91805BADA003CF95E = {
						TestTargetID = F445F9AE1805BAD9003CF95E;
					};
				};
			};
			buildConfigurationList = F445F9AA1805BAD9003CF95E /* Build configuration list for PBXProject "Docuflo" */;
			compatibilityVersion = "Xcode 3.2";
			developmentRegion = English;
			hasScannedForEncodings = 0;
			knownRegions = (
				en,
			);
			mainGroup = F445F9A61805BAD9003CF95E;
			productRefGroup = F445F9B01805BAD9003CF95E /* Products */;
			projectDirPath = "";
			projectRoot = "";
			targets = (
				F445F9AE1805BAD9003CF95E /* Docuflo */,
				F445F9C91805BADA003CF95E /* DocufloTests */,
			);
		};
/* End PBXProject section */

/* Begin PBXResourcesBuildPhase section */
		F445F9AD1805BAD9003CF95E /* Resources */ = {
			isa = PBXResourcesBuildPhase;
			buildActionMask = 2147483647;
			files = (
				C30D26641B78873F00543898 /* user1.png in Resources */,
				C3778CAF1B71B992007F452C /* next.png in Resources */,
				6A16300C1B673FB200EDE07F /* close.png in Resources */,
				6AF003AE1B7486A0003C618E /* Icon-60@2x.png in Resources */,
				6AF003B01B7486BA003C618E /* Icon-40@2x-2.png in Resources */,
				C30D266C1B788BEE00543898 /* upload2.png in Resources */,
				6AF003AC1B7485FC003C618E /* Icon-40@2x-1.png in Resources */,
				6AF003AB1B7485FC003C618E /* Icon-60@3x-1.png in Resources */,
				6A82FD341B7B40530031EA9D /* PopupView_IPAD@.xib in Resources */,
				6A03FB231B709E2D002696B7 /* folder_add.png in Resources */,
				6A82FD2C1B7B00E60031EA9D /* ProfileViewController_IPAD@.xib in Resources */,
				6A050A9B1B7997BA000E2A55 /* SearchViewController_IPAD@.xib in Resources */,
				C3778C8E1B71AD96007F452C /* Gif1.png in Resources */,
				C39D169C1B672D8800A90D38 /* IMG.png in Resources */,
				C39D169B1B672D8800A90D38 /* gif.png in Resources */,
				C39D16991B672D8800A90D38 /* doc.png in Resources */,
				C3778C901B71AD96007F452C /* IMG2.png in Resources */,
				C373F22E1B62364B0018639D /* Docuflo Logo.PNG in Resources */,
				6ABAFD611B54D981000EB3AF /* orange-ribbon-abstract-hd1080p.jpg in Resources */,
				6A1B401F1B6F2A8800FEEFEC /* APPViewController.xib in Resources */,
				C3778C911B71AD96007F452C /* Jpg1.png in Resources */,
				C3778CAA1B71B88E007F452C /* back1.png in Resources */,
				6A113CFF1B6F1F790069DE55 /* open folder.png in Resources */,
				C30D26661B78873F00543898 /* whiteBackground.png in Resources */,
				C39D169A1B672D8800A90D38 /* file-xml.png in Resources */,
				6A02B27D1B6A05E000A524A9 /* IndexViewController.xib in Resources */,
				6A82FD2E1B7B04330031EA9D /* IndexViewController_IPAD@.xib in Resources */,
				C3778C8D1B71AD96007F452C /* doc1.png in Resources */,
				C3778C931B71AD96007F452C /* Tiff1.png in Resources */,
				6A82FD321B7B3C8F0031EA9D /* APPViewController_IPAD@.xib in Resources */,
				C38476FF1B42572600063D90 /* small-button-th.png in Resources */,
				6A82FD301B7B2E100031EA9D /* FolderViewController_IPAD@.xib in Resources */,
				C38476F91B4252CA00063D90 /* 32px-Download_Files_4_You_Logo.png in Resources */,
				C39D169D1B672D8800A90D38 /* JPEG.png in Resources */,
				F445F9BD1805BAD9003CF95E /* InfoPlist.strings in Resources */,
				C38476F51B42506600063D90 /* line.png in Resources */,
				C3778C8C1B71AD96007F452C /* camera.png in Resources */,
				C38476E81B4245D700063D90 /* DMSViewController.xib in Resources */,
				C3778C921B71AD96007F452C /* PDF1.png in Resources */,
				6A02B2781B69CA7E00A524A9 /* ProfileViewController.xib in Resources */,
				C3778CB31B71DDA5007F452C /* blue-button.png in Resources */,
				6AF5D3991B7368D7005CDD58 /* launchImage.png in Resources */,
				C38476F21B424EC200063D90 /* SearchViewController.xib in Resources */,
				C3778C8F1B71AD96007F452C /* IMG1.png in Resources */,
				6ABAFD631B54D9EC000EB3AF /* BAckground.png in Resources */,
				6AF4EBEC1B6F4B7400EF2999 /* MMX DIGITAL CAMERA.png in Resources */,
				C39D169E1B672D8800A90D38 /* PDF.png in Resources */,
				6A03FB241B709E2D002696B7 /* photo1.png in Resources */,
				C39D16981B672D8800A90D38 /* ai.png in Resources */,
				C3977D491B672BE000EA5B33 /* tiff-128.png in Resources */,
				C38476ED1B424CF000063D90 /* ModuleViewController.xib in Resources */,
				C3778CAB1B71B88E007F452C /* upload1.png in Resources */,
				C30D26621B78873F00543898 /* PopupView.xib in Resources */,
				C39D169F1B672D8800A90D38 /* tif.png in Resources */,
				C373F2321B65CF980018639D /* background1.png in Resources */,
				6ABAFD5F1B54C070000EB3AF /* abstract_business_background_311474.jpg in Resources */,
				6AF4EBF01B6F4EE500EF2999 /* Upload.png in Resources */,
				F445F9C51805BAD9003CF95E /* Images.xcassets in Resources */,
				C30D26611B78873F00543898 /* Menu.png in Resources */,
				C30D26631B78873F00543898 /* show-menu-icon.png in Resources */,
				C30D26691B788B1100543898 /* logout.png in Resources */,
				C30D26701B7C641900543898 /* folder_next.png in Resources */,
				6AFC2D981B6B2E9F00C0861F /* FolderViewController.xib in Resources */,
				C38476FD1B42532400063D90 /* Download_Files_4_You_Logo.png in Resources */,
				C38476FB1B42530600063D90 /* 64px-Download_Files_4_You_Logo.png in Resources */,
				C30D26651B78873F00543898 /* user2.png in Resources */,
				C3778CAE1B71B992007F452C /* back.png in Resources */,
				C3778CB11B71DC76007F452C /* BlueSquareButton.png in Resources */,
				6A050A971B798D8A000E2A55 /* DMSViewController_IPAD@.xib in Resources */,
				C30D266A1B788B1100543898 /* setting.png in Resources */,
				6AF4EBEE1B6F4B8500EF2999 /* MMX DIGITAL CAMERA - PICTURES.png in Resources */,
				C38477011B42576F00063D90 /* small-button-md.png in Resources */,
				6A1B401A1B6F257C00FEEFEC /* User.png in Resources */,
			);
			runOnlyForDeploymentPostprocessing = 0;
		};
		F445F9C81805BADA003CF95E /* Resources */ = {
			isa = PBXResourcesBuildPhase;
			buildActionMask = 2147483647;
			files = (
				F445F9D61805BADA003CF95E /* InfoPlist.strings in Resources */,
			);
			runOnlyForDeploymentPostprocessing = 0;
		};
/* End PBXResourcesBuildPhase section */

/* Begin PBXSourcesBuildPhase section */
		F445F9AB1805BAD9003CF95E /* Sources */ = {
			isa = PBXSourcesBuildPhase;
			buildActionMask = 2147483647;
			files = (
				6AFC2D971B6B2E9F00C0861F /* FolderViewController.m in Sources */,
				F445F9C31805BAD9003CF95E /* AppDelegate.m in Sources */,
				C38476EC1B424CF000063D90 /* ModuleViewController.m in Sources */,
				C38476E71B4245D700063D90 /* DMSViewController.m in Sources */,
				C38476F11B424EC200063D90 /* SearchViewController.m in Sources */,
				6A02B2771B69CA7E00A524A9 /* ProfileViewController.m in Sources */,
				6A1B401D1B6F2A7400FEEFEC /* APPViewController.m in Sources */,
				F445F9BF1805BAD9003CF95E /* main.m in Sources */,
				6ABAFD681B55FC43000EB3AF /* pdfView.m in Sources */,
				6A02B27C1B6A05E000A524A9 /* IndexViewController.m in Sources */,
				6AF4EBF31B6F6AA900EF2999 /* Base64.m in Sources */,
			);
			runOnlyForDeploymentPostprocessing = 0;
		};
		F445F9C61805BADA003CF95E /* Sources */ = {
			isa = PBXSourcesBuildPhase;
			buildActionMask = 2147483647;
			files = (
				F445F9D81805BADA003CF95E /* HelloWorldTests.m in Sources */,
			);
			runOnlyForDeploymentPostprocessing = 0;
		};
/* End PBXSourcesBuildPhase section */

/* Begin PBXTargetDependency section */
		F445F9D01805BADA003CF95E /* PBXTargetDependency */ = {
			isa = PBXTargetDependency;
			target = F445F9AE1805BAD9003CF95E /* Docuflo */;
			targetProxy = F445F9CF1805BADA003CF95E /* PBXContainerItemProxy */;
		};
/* End PBXTargetDependency section */

/* Begin PBXVariantGroup section */
		F445F9BB1805BAD9003CF95E /* InfoPlist.strings */ = {
			isa = PBXVariantGroup;
			children = (
				F445F9BC1805BAD9003CF95E /* en */,
			);
			name = InfoPlist.strings;
			sourceTree = "<group>";
		};
		F445F9D41805BADA003CF95E /* InfoPlist.strings */ = {
			isa = PBXVariantGroup;
			children = (
				F445F9D51805BADA003CF95E /* en */,
			);
			name = InfoPlist.strings;
			sourceTree = "<group>";
		};
/* End PBXVariantGroup section */

/* Begin XCBuildConfiguration section */
		F445F9D91805BADA003CF95E /* Debug */ = {
			isa = XCBuildConfiguration;
			buildSettings = {
				ALWAYS_SEARCH_USER_PATHS = NO;
				ARCHS = "$(ARCHS_STANDARD_INCLUDING_64_BIT)";
				CLANG_CXX_LANGUAGE_STANDARD = "gnu++0x";
				CLANG_CXX_LIBRARY = "libc++";
				CLANG_ENABLE_MODULES = YES;
				CLANG_ENABLE_OBJC_ARC = YES;
				CLANG_WARN_BOOL_CONVERSION = YES;
				CLANG_WARN_CONSTANT_CONVERSION = YES;
				CLANG_WARN_DIRECT_OBJC_ISA_USAGE = YES_ERROR;
				CLANG_WARN_EMPTY_BODY = YES;
				CLANG_WARN_ENUM_CONVERSION = YES;
				CLANG_WARN_INT_CONVERSION = YES;
				CLANG_WARN_OBJC_ROOT_CLASS = YES_ERROR;
				CLANG_WARN__DUPLICATE_METHOD_MATCH = YES;
				"CODE_SIGN_IDENTITY[sdk=iphoneos*]" = "iPhone Developer";
				COPY_PHASE_STRIP = NO;
				GCC_C_LANGUAGE_STANDARD = gnu99;
				GCC_DYNAMIC_NO_PIC = NO;
				GCC_INCREASE_PRECOMPILED_HEADER_SHARING = YES;
				GCC_OPTIMIZATION_LEVEL = 0;
				GCC_PRECOMPILE_PREFIX_HEADER = YES;
				GCC_PREFIX_HEADER = "Docuflo/Docuflo-Prefix.pch";
				GCC_PREPROCESSOR_DEFINITIONS = (
					"DEBUG=1",
					"$(inherited)",
				);
				GCC_SYMBOLS_PRIVATE_EXTERN = NO;
				GCC_WARN_64_TO_32_BIT_CONVERSION = YES;
				GCC_WARN_ABOUT_RETURN_TYPE = YES_ERROR;
				GCC_WARN_UNDECLARED_SELECTOR = YES;
				GCC_WARN_UNINITIALIZED_AUTOS = YES;
				GCC_WARN_UNUSED_FUNCTION = YES;
				GCC_WARN_UNUSED_VARIABLE = YES;
				IPHONEOS_DEPLOYMENT_TARGET = 7.0;
				ONLY_ACTIVE_ARCH = YES;
				SDKROOT = iphoneos;
			};
			name = Debug;
		};
		F445F9DA1805BADA003CF95E /* Release */ = {
			isa = XCBuildConfiguration;
			buildSettings = {
				ALWAYS_SEARCH_USER_PATHS = NO;
				ARCHS = "$(ARCHS_STANDARD_INCLUDING_64_BIT)";
				CLANG_CXX_LANGUAGE_STANDARD = "gnu++0x";
				CLANG_CXX_LIBRARY = "libc++";
				CLANG_ENABLE_MODULES = YES;
				CLANG_ENABLE_OBJC_ARC = YES;
				CLANG_WARN_BOOL_CONVERSION = YES;
				CLANG_WARN_CONSTANT_CONVERSION = YES;
				CLANG_WARN_DIRECT_OBJC_ISA_USAGE = YES_ERROR;
				CLANG_WARN_EMPTY_BODY = YES;
				CLANG_WARN_ENUM_CONVERSION = YES;
				CLANG_WARN_INT_CONVERSION = YES;
				CLANG_WARN_OBJC_ROOT_CLASS = YES_ERROR;
				CLANG_WARN__DUPLICATE_METHOD_MATCH = YES;
				"CODE_SIGN_IDENTITY[sdk=iphoneos*]" = "iPhone Developer";
				COPY_PHASE_STRIP = YES;
				ENABLE_NS_ASSERTIONS = NO;
				GCC_C_LANGUAGE_STANDARD = gnu99;
				GCC_INCREASE_PRECOMPILED_HEADER_SHARING = YES;
				GCC_PRECOMPILE_PREFIX_HEADER = YES;
				GCC_PREFIX_HEADER = "Docuflo/Docuflo-Prefix.pch";
				GCC_WARN_64_TO_32_BIT_CONVERSION = YES;
				GCC_WARN_ABOUT_RETURN_TYPE = YES_ERROR;
				GCC_WARN_UNDECLARED_SELECTOR = YES;
				GCC_WARN_UNINITIALIZED_AUTOS = YES;
				GCC_WARN_UNUSED_FUNCTION = YES;
				GCC_WARN_UNUSED_VARIABLE = YES;
				IPHONEOS_DEPLOYMENT_TARGET = 7.0;
				SDKROOT = iphoneos;
				VALIDATE_PRODUCT = YES;
			};
			name = Release;
		};
		F445F9DC1805BADA003CF95E /* Debug */ = {
			isa = XCBuildConfiguration;
			buildSettings = {
				ASSETCATALOG_COMPILER_APPICON_NAME = "AppIcon-2";
				ASSETCATALOG_COMPILER_LAUNCHIMAGE_NAME = LaunchImage;
				CODE_SIGN_IDENTITY = "iPhone Developer";
				"CODE_SIGN_IDENTITY[sdk=iphoneos*]" = "iPhone Developer";
				GCC_PRECOMPILE_PREFIX_HEADER = YES;
				GCC_PREFIX_HEADER = "HelloWorld/Docuflo-Prefix.pch";
				INFOPLIST_FILE = "HelloWorld/Docuflo-Info.plist";
				IPHONEOS_DEPLOYMENT_TARGET = 7.1;
				PRODUCT_NAME = Docuflo;
				PROVISIONING_PROFILE = "";
				TARGETED_DEVICE_FAMILY = "1,2";
				WRAPPER_EXTENSION = app;
			};
			name = Debug;
		};
		F445F9DD1805BADA003CF95E /* Release */ = {
			isa = XCBuildConfiguration;
			buildSettings = {
				ASSETCATALOG_COMPILER_APPICON_NAME = "AppIcon-2";
				ASSETCATALOG_COMPILER_LAUNCHIMAGE_NAME = LaunchImage;
				CODE_SIGN_IDENTITY = "iPhone Developer";
				"CODE_SIGN_IDENTITY[sdk=iphoneos*]" = "iPhone Developer";
				GCC_PRECOMPILE_PREFIX_HEADER = YES;
				GCC_PREFIX_HEADER = "HelloWorld/Docuflo-Prefix.pch";
				INFOPLIST_FILE = "HelloWorld/Docuflo-Info.plist";
				IPHONEOS_DEPLOYMENT_TARGET = 7.1;
				PRODUCT_NAME = Docuflo;
				PROVISIONING_PROFILE = "";
				TARGETED_DEVICE_FAMILY = "1,2";
				WRAPPER_EXTENSION = app;
			};
			name = Release;
		};
		F445F9DF1805BADA003CF95E /* Debug */ = {
			isa = XCBuildConfiguration;
			buildSettings = {
				ARCHS = "$(ARCHS_STANDARD_INCLUDING_64_BIT)";
				BUNDLE_LOADER = "$(BUILT_PRODUCTS_DIR)/Docuflo.app/Docuflo";
				FRAMEWORK_SEARCH_PATHS = (
					"$(SDKROOT)/Developer/Library/Frameworks",
					"$(inherited)",
					"$(DEVELOPER_FRAMEWORKS_DIR)",
				);
				GCC_PRECOMPILE_PREFIX_HEADER = YES;
				GCC_PREFIX_HEADER = "HelloWorld/Docuflo-Prefix.pch";
				GCC_PREPROCESSOR_DEFINITIONS = (
					"DEBUG=1",
					"$(inherited)",
				);
				INFOPLIST_FILE = "HelloWorldTests/DocufloTests-Info.plist";
				PRODUCT_NAME = DocufloTests;
				TEST_HOST = "$(BUNDLE_LOADER)";
				WRAPPER_EXTENSION = xctest;
			};
			name = Debug;
		};
		F445F9E01805BADA003CF95E /* Release */ = {
			isa = XCBuildConfiguration;
			buildSettings = {
				ARCHS = "$(ARCHS_STANDARD_INCLUDING_64_BIT)";
				BUNDLE_LOADER = "$(BUILT_PRODUCTS_DIR)/Docuflo.app/Docuflo";
				FRAMEWORK_SEARCH_PATHS = (
					"$(SDKROOT)/Developer/Library/Frameworks",
					"$(inherited)",
					"$(DEVELOPER_FRAMEWORKS_DIR)",
				);
				GCC_PRECOMPILE_PREFIX_HEADER = YES;
				GCC_PREFIX_HEADER = "HelloWorld/Docuflo-Prefix.pch";
				INFOPLIST_FILE = "HelloWorldTests/DocufloTests-Info.plist";
				PRODUCT_NAME = DocufloTests;
				TEST_HOST = "$(BUNDLE_LOADER)";
				WRAPPER_EXTENSION = xctest;
			};
			name = Release;
		};
/* End XCBuildConfiguration section */

/* Begin XCConfigurationList section */
		F445F9AA1805BAD9003CF95E /* Build configuration list for PBXProject "Docuflo" */ = {
			isa = XCConfigurationList;
			buildConfigurations = (
				F445F9D91805BADA003CF95E /* Debug */,
				F445F9DA1805BADA003CF95E /* Release */,
			);
			defaultConfigurationIsVisible = 0;
			defaultConfigurationName = Release;
		};
		F445F9DB1805BADA003CF95E /* Build configuration list for PBXNativeTarget "Docuflo" */ = {
			isa = XCConfigurationList;
			buildConfigurations = (
				F445F9DC1805BADA003CF95E /* Debug */,
				F445F9DD1805BADA003CF95E /* Release */,
			);
			defaultConfigurationIsVisible = 0;
			defaultConfigurationName = Release;
		};
		F445F9DE1805BADA003CF95E /* Build configuration list for PBXNativeTarget "DocufloTests" */ = {
			isa = XCConfigurationList;
			buildConfigurations = (
				F445F9DF1805BADA003CF95E /* Debug */,
				F445F9E01805BADA003CF95E /* Release */,
			);
			defaultConfigurationIsVisible = 0;
			defaultConfigurationName = Release;
		};
/* End XCConfigurationList section */
	};
	rootObject = F445F9A71805BAD9003CF95E /* Project object */;
}
